// !$*UTF8*$!
{
	archiveVersion = 1;
	classes = {
	};
	objectVersion = 50;
	objects = {

/* Begin PBXBuildFile section */
		321231A3212D0A0F001B903F /* AppDelegate.swift in Sources */ = {isa = PBXBuildFile; fileRef = 321231A2212D0A0F001B903F /* AppDelegate.swift */; };
		321231A5212D0A0F001B903F /* TodoListViewController.swift in Sources */ = {isa = PBXBuildFile; fileRef = 321231A4212D0A0F001B903F /* TodoListViewController.swift */; };
		321231A8212D0A0F001B903F /* Main.storyboard in Resources */ = {isa = PBXBuildFile; fileRef = 321231A6212D0A0F001B903F /* Main.storyboard */; };
		321231AA212D0A11001B903F /* Assets.xcassets in Resources */ = {isa = PBXBuildFile; fileRef = 321231A9212D0A11001B903F /* Assets.xcassets */; };
		321231AD212D0A11001B903F /* LaunchScreen.storyboard in Resources */ = {isa = PBXBuildFile; fileRef = 321231AB212D0A11001B903F /* LaunchScreen.storyboard */; };
		327FB741212FD20F00BED416 /* Item.swift in Sources */ = {isa = PBXBuildFile; fileRef = 327FB740212FD20F00BED416 /* Item.swift */; };
		327FB743212FD22900BED416 /* Category.swift in Sources */ = {isa = PBXBuildFile; fileRef = 327FB742212FD22900BED416 /* Category.swift */; };
		32F584B8212E6354001552BB /* CategoryViewController.swift in Sources */ = {isa = PBXBuildFile; fileRef = 32F584B7212E6354001552BB /* CategoryViewController.swift */; };
		6F320633BF7A6A0AE1DC7003 /* Pods_Todoey.framework in Frameworks */ = {isa = PBXBuildFile; fileRef = DAD753FFD5E89E2E9126CFA6 /* Pods_Todoey.framework */; };
/* End PBXBuildFile section */

/* Begin PBXFileReference section */
		1F1C088B4120797A157016B8 /* Pods-Todoey.release.xcconfig */ = {isa = PBXFileReference; includeInIndex = 1; lastKnownFileType = text.xcconfig; name = "Pods-Todoey.release.xcconfig"; path = "Pods/Target Support Files/Pods-Todoey/Pods-Todoey.release.xcconfig"; sourceTree = "<group>"; };
		3212319F212D0A0F001B903F /* Todoey.app */ = {isa = PBXFileReference; explicitFileType = wrapper.application; includeInIndex = 0; path = Todoey.app; sourceTree = BUILT_PRODUCTS_DIR; };
		321231A2212D0A0F001B903F /* AppDelegate.swift */ = {isa = PBXFileReference; lastKnownFileType = sourcecode.swift; path = AppDelegate.swift; sourceTree = "<group>"; };
		321231A4212D0A0F001B903F /* TodoListViewController.swift */ = {isa = PBXFileReference; lastKnownFileType = sourcecode.swift; path = TodoListViewController.swift; sourceTree = "<group>"; };
		321231A7212D0A0F001B903F /* Base */ = {isa = PBXFileReference; lastKnownFileType = file.storyboard; name = Base; path = Base.lproj/Main.storyboard; sourceTree = "<group>"; };
		321231A9212D0A11001B903F /* Assets.xcassets */ = {isa = PBXFileReference; lastKnownFileType = folder.assetcatalog; path = Assets.xcassets; sourceTree = "<group>"; };
		321231AC212D0A11001B903F /* Base */ = {isa = PBXFileReference; lastKnownFileType = file.storyboard; name = Base; path = Base.lproj/LaunchScreen.storyboard; sourceTree = "<group>"; };
		321231AE212D0A11001B903F /* Info.plist */ = {isa = PBXFileReference; lastKnownFileType = text.plist.xml; path = Info.plist; sourceTree = "<group>"; };
		327FB740212FD20F00BED416 /* Item.swift */ = {isa = PBXFileReference; lastKnownFileType = sourcecode.swift; path = Item.swift; sourceTree = "<group>"; };
		327FB742212FD22900BED416 /* Category.swift */ = {isa = PBXFileReference; lastKnownFileType = sourcecode.swift; path = Category.swift; sourceTree = "<group>"; };
		32F584B7212E6354001552BB /* CategoryViewController.swift */ = {isa = PBXFileReference; lastKnownFileType = sourcecode.swift; path = CategoryViewController.swift; sourceTree = "<group>"; };
		BE684284775D093F424818A3 /* Pods-Todoey.debug.xcconfig */ = {isa = PBXFileReference; includeInIndex = 1; lastKnownFileType = text.xcconfig; name = "Pods-Todoey.debug.xcconfig"; path = "Pods/Target Support Files/Pods-Todoey/Pods-Todoey.debug.xcconfig"; sourceTree = "<group>"; };
		DAD753FFD5E89E2E9126CFA6 /* Pods_Todoey.framework */ = {isa = PBXFileReference; explicitFileType = wrapper.framework; includeInIndex = 0; path = Pods_Todoey.framework; sourceTree = BUILT_PRODUCTS_DIR; };
/* End PBXFileReference section */

/* Begin PBXFrameworksBuildPhase section */
		3212319C212D0A0F001B903F /* Frameworks */ = {
			isa = PBXFrameworksBuildPhase;
			buildActionMask = 2147483647;
			files = (
				6F320633BF7A6A0AE1DC7003 /* Pods_Todoey.framework in Frameworks */,
			);
			runOnlyForDeploymentPostprocessing = 0;
		};
/* End PBXFrameworksBuildPhase section */

/* Begin PBXGroup section */
		32123196212D0A0E001B903F = {
			isa = PBXGroup;
			children = (
				321231A1212D0A0F001B903F /* Todoey */,
				321231A0212D0A0F001B903F /* Products */,
				DCF80A464E47D2D3DFD21B9C /* Pods */,
				93A9D1571246CBC9A16A4649 /* Frameworks */,
			);
			sourceTree = "<group>";
		};
		321231A0212D0A0F001B903F /* Products */ = {
			isa = PBXGroup;
			children = (
				3212319F212D0A0F001B903F /* Todoey.app */,
			);
			name = Products;
			sourceTree = "<group>";
		};
		321231A1212D0A0F001B903F /* Todoey */ = {
			isa = PBXGroup;
			children = (
				321231A2212D0A0F001B903F /* AppDelegate.swift */,
				321231B7212D47EC001B903F /* Controllers */,
				321231B6212D47D1001B903F /* Data-Model */,
				321231B8212D47FB001B903F /* VIews */,
				321231B9212D480A001B903F /* Supporting-Files */,
				321231AE212D0A11001B903F /* Info.plist */,
			);
			path = Todoey;
			sourceTree = "<group>";
		};
		321231B6212D47D1001B903F /* Data-Model */ = {
			isa = PBXGroup;
			children = (
				327FB742212FD22900BED416 /* Category.swift */,
				327FB740212FD20F00BED416 /* Item.swift */,
			);
			path = "Data-Model";
			sourceTree = "<group>";
		};
		321231B7212D47EC001B903F /* Controllers */ = {
			isa = PBXGroup;
			children = (
				32F584B7212E6354001552BB /* CategoryViewController.swift */,
				321231A4212D0A0F001B903F /* TodoListViewController.swift */,
			);
			path = Controllers;
			sourceTree = "<group>";
		};
		321231B8212D47FB001B903F /* VIews */ = {
			isa = PBXGroup;
			children = (
				321231A6212D0A0F001B903F /* Main.storyboard */,
			);
			path = VIews;
			sourceTree = "<group>";
		};
		321231B9212D480A001B903F /* Supporting-Files */ = {
			isa = PBXGroup;
			children = (
				321231A9212D0A11001B903F /* Assets.xcassets */,
				321231AB212D0A11001B903F /* LaunchScreen.storyboard */,
			);
			path = "Supporting-Files";
			sourceTree = "<group>";
		};
		93A9D1571246CBC9A16A4649 /* Frameworks */ = {
			isa = PBXGroup;
			children = (
				DAD753FFD5E89E2E9126CFA6 /* Pods_Todoey.framework */,
			);
			name = Frameworks;
			sourceTree = "<group>";
		};
		DCF80A464E47D2D3DFD21B9C /* Pods */ = {
			isa = PBXGroup;
			children = (
				BE684284775D093F424818A3 /* Pods-Todoey.debug.xcconfig */,
				1F1C088B4120797A157016B8 /* Pods-Todoey.release.xcconfig */,
			);
			name = Pods;
			sourceTree = "<group>";
		};
/* End PBXGroup section */

/* Begin PBXNativeTarget section */
		3212319E212D0A0F001B903F /* Todoey */ = {
			isa = PBXNativeTarget;
			buildConfigurationList = 321231B1212D0A11001B903F /* Build configuration list for PBXNativeTarget "Todoey" */;
			buildPhases = (
				AECD4CF677914DC74DCB97F4 /* [CP] Check Pods Manifest.lock */,
				3212319B212D0A0F001B903F /* Sources */,
				3212319C212D0A0F001B903F /* Frameworks */,
				3212319D212D0A0F001B903F /* Resources */,
				6E285E3D4CAF3A7252041A5B /* [CP] Embed Pods Frameworks */,
			);
			buildRules = (
			);
			dependencies = (
			);
			name = Todoey;
			productName = Todoey;
			productReference = 3212319F212D0A0F001B903F /* Todoey.app */;
			productType = "com.apple.product-type.application";
		};
/* End PBXNativeTarget section */

/* Begin PBXProject section */
		32123197212D0A0F001B903F /* Project object */ = {
			isa = PBXProject;
			attributes = {
				LastSwiftUpdateCheck = 0940;
				LastUpgradeCheck = 0940;
				ORGANIZATIONNAME = adryan;
				TargetAttributes = {
					3212319E212D0A0F001B903F = {
						CreatedOnToolsVersion = 9.4.1;
					};
				};
			};
			buildConfigurationList = 3212319A212D0A0F001B903F /* Build configuration list for PBXProject "Todoey" */;
			compatibilityVersion = "Xcode 9.3";
			developmentRegion = en;
			hasScannedForEncodings = 0;
			knownRegions = (
				en,
				Base,
			);
			mainGroup = 32123196212D0A0E001B903F;
			productRefGroup = 321231A0212D0A0F001B903F /* Products */;
			projectDirPath = "";
			projectRoot = "";
			targets = (
				3212319E212D0A0F001B903F /* Todoey */,
			);
		};
/* End PBXProject section */

/* Begin PBXResourcesBuildPhase section */
		3212319D212D0A0F001B903F /* Resources */ = {
			isa = PBXResourcesBuildPhase;
			buildActionMask = 2147483647;
			files = (
				321231AD212D0A11001B903F /* LaunchScreen.storyboard in Resources */,
				321231AA212D0A11001B903F /* Assets.xcassets in Resources */,
				321231A8212D0A0F001B903F /* Main.storyboard in Resources */,
			);
			runOnlyForDeploymentPostprocessing = 0;
		};
/* End PBXResourcesBuildPhase section */

/* Begin PBXShellScriptBuildPhase section */
		6E285E3D4CAF3A7252041A5B /* [CP] Embed Pods Frameworks */ = {
			isa = PBXShellScriptBuildPhase;
			buildActionMask = 2147483647;
			files = (
			);
			inputPaths = (
				"${SRCROOT}/Pods/Target Support Files/Pods-Todoey/Pods-Todoey-frameworks.sh",
				"${BUILT_PRODUCTS_DIR}/Realm/Realm.framework",
				"${BUILT_PRODUCTS_DIR}/RealmSwift/RealmSwift.framework",
			);
			name = "[CP] Embed Pods Frameworks";
			outputPaths = (
				"${TARGET_BUILD_DIR}/${FRAMEWORKS_FOLDER_PATH}/Realm.framework",
				"${TARGET_BUILD_DIR}/${FRAMEWORKS_FOLDER_PATH}/RealmSwift.framework",
			);
			runOnlyForDeploymentPostprocessing = 0;
			shellPath = /bin/sh;
			shellScript = "\"${SRCROOT}/Pods/Target Support Files/Pods-Todoey/Pods-Todoey-frameworks.sh\"\n";
			showEnvVarsInLog = 0;
		};
		AECD4CF677914DC74DCB97F4 /* [CP] Check Pods Manifest.lock */ = {
			isa = PBXShellScriptBuildPhase;
			buildActionMask = 2147483647;
			files = (
			);
			inputPaths = (
				"${PODS_PODFILE_DIR_PATH}/Podfile.lock",
				"${PODS_ROOT}/Manifest.lock",
			);
			name = "[CP] Check Pods Manifest.lock";
			outputPaths = (
				"$(DERIVED_FILE_DIR)/Pods-Todoey-checkManifestLockResult.txt",
			);
			runOnlyForDeploymentPostprocessing = 0;
			shellPath = /bin/sh;
			shellScript = "diff \"${PODS_PODFILE_DIR_PATH}/Podfile.lock\" \"${PODS_ROOT}/Manifest.lock\" > /dev/null\nif [ $? != 0 ] ; then\n    # print error to STDERR\n    echo \"error: The sandbox is not in sync with the Podfile.lock. Run 'pod install' or update your CocoaPods installation.\" >&2\n    exit 1\nfi\n# This output is used by Xcode 'outputs' to avoid re-running this script phase.\necho \"SUCCESS\" > \"${SCRIPT_OUTPUT_FILE_0}\"\n";
			showEnvVarsInLog = 0;
		};
/* End PBXShellScriptBuildPhase section */

/* Begin PBXSourcesBuildPhase section */
		3212319B212D0A0F001B903F /* Sources */ = {
			isa = PBXSourcesBuildPhase;
			buildActionMask = 2147483647;
			files = (
				327FB741212FD20F00BED416 /* Item.swift in Sources */,
				32F584B8212E6354001552BB /* CategoryViewController.swift in Sources */,
				321231A5212D0A0F001B903F /* TodoListViewController.swift in Sources */,
				321231A3212D0A0F001B903F /* AppDelegate.swift in Sources */,
				327FB743212FD22900BED416 /* Category.swift in Sources */,
			);
			runOnlyForDeploymentPostprocessing = 0;
		};
/* End PBXSourcesBuildPhase section */

/* Begin PBXVariantGroup section */
		321231A6212D0A0F001B903F /* Main.storyboard */ = {
			isa = PBXVariantGroup;
			children = (
				321231A7212D0A0F001B903F /* Base */,
			);
			name = Main.storyboard;
			sourceTree = "<group>";
		};
		321231AB212D0A11001B903F /* LaunchScreen.storyboard */ = {
			isa = PBXVariantGroup;
			children = (
				321231AC212D0A11001B903F /* Base */,
			);
			name = LaunchScreen.storyboard;
			sourceTree = "<group>";
		};
/* End PBXVariantGroup section */

/* Begin XCBuildConfiguration section */
		321231AF212D0A11001B903F /* Debug */ = {
			isa = XCBuildConfiguration;
			buildSettings = {
				ALWAYS_SEARCH_USER_PATHS = NO;
				CLANG_ANALYZER_NONNULL = YES;
				CLANG_ANALYZER_NUMBER_OBJECT_CONVERSION = YES_AGGRESSIVE;
				CLANG_CXX_LANGUAGE_STANDARD = "gnu++14";
				CLANG_CXX_LIBRARY = "libc++";
				CLANG_ENABLE_MODULES = YES;
				CLANG_ENABLE_OBJC_ARC = YES;
				CLANG_ENABLE_OBJC_WEAK = YES;
				CLANG_WARN_BLOCK_CAPTURE_AUTORELEASING = YES;
				CLANG_WARN_BOOL_CONVERSION = YES;
				CLANG_WARN_COMMA = YES;
				CLANG_WARN_CONSTANT_CONVERSION = YES;
				CLANG_WARN_DEPRECATED_OBJC_IMPLEMENTATIONS = YES;
				CLANG_WARN_DIRECT_OBJC_ISA_USAGE = YES_ERROR;
				CLANG_WARN_DOCUMENTATION_COMMENTS = YES;
				CLANG_WARN_EMPTY_BODY = YES;
				CLANG_WARN_ENUM_CONVERSION = YES;
				CLANG_WARN_INFINITE_RECURSION = YES;
				CLANG_WARN_INT_CONVERSION = YES;
				CLANG_WARN_NON_LITERAL_NULL_CONVERSION = YES;
				CLANG_WARN_OBJC_IMPLICIT_RETAIN_SELF = YES;
				CLANG_WARN_OBJC_LITERAL_CONVERSION = YES;
				CLANG_WARN_OBJC_ROOT_CLASS = YES_ERROR;
				CLANG_WARN_RANGE_LOOP_ANALYSIS = YES;
				CLANG_WARN_STRICT_PROTOTYPES = YES;
				CLANG_WARN_SUSPICIOUS_MOVE = YES;
				CLANG_WARN_UNGUARDED_AVAILABILITY = YES_AGGRESSIVE;
				CLANG_WARN_UNREACHABLE_CODE = YES;
				CLANG_WARN__DUPLICATE_METHOD_MATCH = YES;
				CODE_SIGN_IDENTITY = "iPhone Developer";
				COPY_PHASE_STRIP = NO;
				DEBUG_INFORMATION_FORMAT = dwarf;
				ENABLE_STRICT_OBJC_MSGSEND = YES;
				ENABLE_TESTABILITY = YES;
				GCC_C_LANGUAGE_STANDARD = gnu11;
				GCC_DYNAMIC_NO_PIC = NO;
				GCC_NO_COMMON_BLOCKS = YES;
				GCC_OPTIMIZATION_LEVEL = 0;
				GCC_PREPROCESSOR_DEFINITIONS = (
					"DEBUG=1",
					"$(inherited)",
				);
				GCC_WARN_64_TO_32_BIT_CONVERSION = YES;
				GCC_WARN_ABOUT_RETURN_TYPE = YES_ERROR;
				GCC_WARN_UNDECLARED_SELECTOR = YES;
				GCC_WARN_UNINITIALIZED_AUTOS = YES_AGGRESSIVE;
				GCC_WARN_UNUSED_FUNCTION = YES;
				GCC_WARN_UNUSED_VARIABLE = YES;
				IPHONEOS_DEPLOYMENT_TARGET = 11.4;
				MTL_ENABLE_DEBUG_INFO = YES;
				ONLY_ACTIVE_ARCH = YES;
				SDKROOT = iphoneos;
				SWIFT_ACTIVE_COMPILATION_CONDITIONS = DEBUG;
				SWIFT_OPTIMIZATION_LEVEL = "-Onone";
			};
			name = Debug;
		};
		321231B0212D0A11001B903F /* Release */ = {
			isa = XCBuildConfiguration;
			buildSettings = {
				ALWAYS_SEARCH_USER_PATHS = NO;
				CLANG_ANALYZER_NONNULL = YES;
				CLANG_ANALYZER_NUMBER_OBJECT_CONVERSION = YES_AGGRESSIVE;
				CLANG_CXX_LANGUAGE_STANDARD = "gnu++14";
				CLANG_CXX_LIBRARY = "libc++";
				CLANG_ENABLE_MODULES = YES;
				CLANG_ENABLE_OBJC_ARC = YES;
				CLANG_ENABLE_OBJC_WEAK = YES;
				CLANG_WARN_BLOCK_CAPTURE_AUTORELEASING = YES;
				CLANG_WARN_BOOL_CONVERSION = YES;
				CLANG_WARN_COMMA = YES;
				CLANG_WARN_CONSTANT_CONVERSION = YES;
				CLANG_WARN_DEPRECATED_OBJC_IMPLEMENTATIONS = YES;
				CLANG_WARN_DIRECT_OBJC_ISA_USAGE = YES_ERROR;
				CLANG_WARN_DOCUMENTATION_COMMENTS = YES;
				CLANG_WARN_EMPTY_BODY = YES;
				CLANG_WARN_ENUM_CONVERSION = YES;
				CLANG_WARN_INFINITE_RECURSION = YES;
				CLANG_WARN_INT_CONVERSION = YES;
				CLANG_WARN_NON_LITERAL_NULL_CONVERSION = YES;
				CLANG_WARN_OBJC_IMPLICIT_RETAIN_SELF = YES;
				CLANG_WARN_OBJC_LITERAL_CONVERSION = YES;
				CLANG_WARN_OBJC_ROOT_CLASS = YES_ERROR;
				CLANG_WARN_RANGE_LOOP_ANALYSIS = YES;
				CLANG_WARN_STRICT_PROTOTYPES = YES;
				CLANG_WARN_SUSPICIOUS_MOVE = YES;
				CLANG_WARN_UNGUARDED_AVAILABILITY = YES_AGGRESSIVE;
				CLANG_WARN_UNREACHABLE_CODE = YES;
				CLANG_WARN__DUPLICATE_METHOD_MATCH = YES;
				CODE_SIGN_IDENTITY = "iPhone Developer";
				COPY_PHASE_STRIP = NO;
				DEBUG_INFORMATION_FORMAT = "dwarf-with-dsym";
				ENABLE_NS_ASSERTIONS = NO;
				ENABLE_STRICT_OBJC_MSGSEND = YES;
				GCC_C_LANGUAGE_STANDARD = gnu11;
				GCC_NO_COMMON_BLOCKS = YES;
				GCC_WARN_64_TO_32_BIT_CONVERSION = YES;
				GCC_WARN_ABOUT_RETURN_TYPE = YES_ERROR;
				GCC_WARN_UNDECLARED_SELECTOR = YES;
				GCC_WARN_UNINITIALIZED_AUTOS = YES_AGGRESSIVE;
				GCC_WARN_UNUSED_FUNCTION = YES;
				GCC_WARN_UNUSED_VARIABLE = YES;
				IPHONEOS_DEPLOYMENT_TARGET = 11.4;
				MTL_ENABLE_DEBUG_INFO = NO;
				SDKROOT = iphoneos;
				SWIFT_COMPILATION_MODE = wholemodule;
				SWIFT_OPTIMIZATION_LEVEL = "-O";
				VALIDATE_PRODUCT = YES;
			};
			name = Release;
		};
		321231B2212D0A11001B903F /* Debug */ = {
			isa = XCBuildConfiguration;
			baseConfigurationReference = BE684284775D093F424818A3 /* Pods-Todoey.debug.xcconfig */;
			buildSettings = {
				ASSETCATALOG_COMPILER_APPICON_NAME = AppIcon;
				CODE_SIGN_STYLE = Automatic;
				INFOPLIST_FILE = Todoey/Info.plist;
				LD_RUNPATH_SEARCH_PATHS = (
					"$(inherited)",
					"@executable_path/Frameworks",
				);
				PRODUCT_BUNDLE_IDENTIFIER = com.ipi.Todoey;
				PRODUCT_NAME = "$(TARGET_NAME)";
				SWIFT_VERSION = 4.0;
				TARGETED_DEVICE_FAMILY = "1,2";
			};
			name = Debug;
		};
		321231B3212D0A11001B903F /* Release */ = {
			isa = XCBuildConfiguration;
			baseConfigurationReference = 1F1C088B4120797A157016B8 /* Pods-Todoey.release.xcconfig */;
			buildSettings = {
				ASSETCATALOG_COMPILER_APPICON_NAME = AppIcon;
				CODE_SIGN_STYLE = Automatic;
				INFOPLIST_FILE = Todoey/Info.plist;
				LD_RUNPATH_SEARCH_PATHS = (
					"$(inherited)",
					"@executable_path/Frameworks",
				);
				PRODUCT_BUNDLE_IDENTIFIER = com.ipi.Todoey;
				PRODUCT_NAME = "$(TARGET_NAME)";
				SWIFT_VERSION = 4.0;
				TARGETED_DEVICE_FAMILY = "1,2";
			};
			name = Release;
		};
/* End XCBuildConfiguration section */

/* Begin XCConfigurationList section */
		3212319A212D0A0F001B903F /* Build configuration list for PBXProject "Todoey" */ = {
			isa = XCConfigurationList;
			buildConfigurations = (
				321231AF212D0A11001B903F /* Debug */,
				321231B0212D0A11001B903F /* Release */,
			);
			defaultConfigurationIsVisible = 0;
			defaultConfigurationName = Release;
		};
		321231B1212D0A11001B903F /* Build configuration list for PBXNativeTarget "Todoey" */ = {
			isa = XCConfigurationList;
			buildConfigurations = (
				321231B2212D0A11001B903F /* Debug */,
				321231B3212D0A11001B903F /* Release */,
			);
			defaultConfigurationIsVisible = 0;
			defaultConfigurationName = Release;
		};
/* End XCConfigurationList section */
	};
	rootObject = 32123197212D0A0F001B903F /* Project object */;
}
